
Microsoft Visual Studio Solution File, Format Version 12.00
# Visual Studio Version 17
VisualStudioVersion = 17.8.34322.80
MinimumVisualStudioVersion = 10.0.40219.1
Project("{FAE04EC0-301F-11D3-BF4B-00C04F79EFBC}") = "WebApplication3", "WebApplication3\WebApplication3.csproj", "{F3134628-E9EE-4286-A1E2-0F41D7B1A5A0}"
EndProject
Project("{FAE04EC0-301F-11D3-BF4B-00C04F79EFBC}") = "Tests", "Tests\Tests.csproj", "{938B9DA0-38B3-4B34-918A-DC6EF83F232C}"
EndProject
Global
	GlobalSection(SolutionConfigurationPlatforms) = preSolution
		Debug|Any CPU = Debug|Any CPU
		Release|Any CPU = Release|Any CPU
	EndGlobalSection
	GlobalSection(ProjectConfigurationPlatforms) = postSolution
		{F3134628-E9EE-4286-A1E2-0F41D7B1A5A0}.Debug|Any CPU.ActiveCfg = Debug|Any CPU
		{F3134628-E9EE-4286-A1E2-0F41D7B1A5A0}.Debug|Any CPU.Build.0 = Debug|Any CPU
		{F3134628-E9EE-4286-A1E2-0F41D7B1A5A0}.Release|Any CPU.ActiveCfg = Release|Any CPU
		{F3134628-E9EE-4286-A1E2-0F41D7B1A5A0}.Release|Any CPU.Build.0 = Release|Any CPU
		{938B9DA0-38B3-4B34-918A-DC6EF83F232C}.Debug|Any CPU.ActiveCfg = Debug|Any CPU
		{938B9DA0-38B3-4B34-918A-DC6EF83F232C}.Debug|Any CPU.Build.0 = Debug|Any CPU
		{938B9DA0-38B3-4B34-918A-DC6EF83F232C}.Release|Any CPU.ActiveCfg = Release|Any CPU
		{938B9DA0-38B3-4B34-918A-DC6EF83F232C}.Release|Any CPU.Build.0 = Release|Any CPU
	EndGlobalSection
	GlobalSection(SolutionProperties) = preSolution
		HideSolutionNode = FALSE
	EndGlobalSection
	GlobalSection(ExtensibilityGlobals) = postSolution
		SolutionGuid = {8DA4EE18-3155-4C01-A88A-DF9544B2C0EB}
	EndGlobalSection
EndGlobal
